{
	"name": "p5.engine-vscode",
	"version": "0.0.1",
	"lockfileVersion": 3,
	"requires": true,
	"packages": {
		"": {
			"name": "p5.engine-vscode",
			"version": "0.0.1",
			"devDependencies": {
				"@types/vscode": "^1.73.0"
			},
			"engines": {
				"vscode": "^1.74.0"
			}
		},
		"node_modules/@types/vscode": {
			"version": "1.84.1",
			"resolved": "https://registry.npmjs.org/@types/vscode/-/vscode-1.84.1.tgz",
			"integrity": "sha512-DB10vBRLEPA/us7p3gQilU2Tq5HDu6JWTyCpD9qtb7MKWIvJS5In9HU3YgVGCXf/miwHJiY62aXwjtUSMpT8HA==",
			"dev": true
		}
	}
}
